{"1.2.0",
[{<<"amqp_client">>,{pkg,<<"amqp_client">>,<<"4.0.3">>},0},
 {<<"backoff">>,{pkg,<<"backoff">>,<<"1.1.6">>},1},
 {<<"brot">>,
  {git,"https://github.com/kafka4beam/brod.git",
       {ref,"68794e419a690deda009c4cccda70c8a7d799c98"}},
  0},
 {<<"cowboy">>,
  {git,"https://github.com/ninenines/cowboy.git",
       {ref,"184c4e45bf65709d5a9851070e5b2b55df7d9bd8"}},
  0},
 {<<"cowlib">>,
  {git,"https://github.com/ninenines/cowlib",
       {ref,"aca0ad953417b29bab2c41eeb4c37c98606c848b"}},
  1},
 {<<"crc32cer">>,{pkg,<<"crc32cer">>,<<"1.1.0">>},2},
 {<<"credentials_obfuscation">>,
  {pkg,<<"credentials_obfuscation">>,<<"3.4.0">>},
  1},
 {<<"datum">>,{pkg,<<"datum">>,<<"4.6.2">>},2},
 {<<"erlkaf">>,
  {git,"https://github.com/silviucpp/erlkaf.git",
       {ref,"e39028edcd09de4d054cfcf01a78d00bdf21d184"}},
  0},
 {<<"esq">>,{pkg,<<"esq">>,<<"2.0.7">>},1},
 {<<"jsone">>,{pkg,<<"jsone">>,<<"1.9.0">>},1},
 {<<"jsx">>,{pkg,<<"jsx">>,<<"3.1.0">>},0},
 {<<"kafka_protocol">>,{pkg,<<"kafka_protocol">>,<<"4.3.1">>},1},
 {<<"mochiweb">>,{pkg,<<"mochiweb">>,<<"3.3.0">>},0},
 {<<"opentelemetry_api">>,{pkg,<<"opentelemetry_api">>,<<"1.4.1">>},1},
 {<<"pg_types">>,{pkg,<<"pg_types">>,<<"0.5.0">>},1},
 {<<"pgo">>,{pkg,<<"pgo">>,<<"0.15.0">>},0},
 {<<"pipe">>,{pkg,<<"pipes">>,<<"2.0.2">>},2},
 {<<"quickrand">>,{pkg,<<"quickrand">>,<<"2.0.7">>},1},
 {<<"rabbit_common">>,{pkg,<<"rabbit_common">>,<<"4.0.3">>},0},
 {<<"ranch">>,
  {git,"https://github.com/ninenines/ranch",
       {ref,"184c4e45bf65709d5a9851070e5b2b55df7d9bd8"}},
  1},
 {<<"recon">>,{pkg,<<"recon">>,<<"2.5.6">>},1},
 {<<"thoas">>,{pkg,<<"thoas">>,<<"1.2.1">>},1},
 {<<"uid">>,{pkg,<<"uid">>,<<"1.3.5">>},2},
 {<<"uuid_erl">>,{pkg,<<"uuid_erl">>,<<"2.0.7">>},0},
 {<<"webmachine">>,
  {git,"https://github.com/webmachine/webmachine.git",
       {ref,"184c4e45bf65709d5a9851070e5b2b55df7d9bd8"}},
  0},
 {<<"zuuid">>,
  {git,"file:///_build/default/lib/zuuid/ebin/zuuid_app",
       {ref,"de120c3e806912d8acff46034ed2ebc957bf13ad"}},
  0}]}.
[
{pkg_hash,[
 {<<"amqp_client">>, <<"C7DCC8031C780CD39EC586BA827A8EB26E006E9761AF8D3F58FDED11F645EBD4">>},
 {<<"backoff">>, <<"83B72ED2108BA1EE8F7D1C22E0B4A00CFE3593A67DBC792799E8CCE9F42F796B">>},
 {<<"crc32cer">>, <<"7EE2A301C739F26D19AEC56F108C093D167AB131D225F12A0427B3FE4CA45F4E">>},
 {<<"credentials_obfuscation">>, <<"34E18B126B3AEFD6E8143776FBE1CECEEA6792307C99AC5EE8687911F048CFD7">>},
 {<<"datum">>, <<"C33BEDFCCD0D4DA4DDFEA06E49926061310730D56E360F55C218F0B98491F561">>},
 {<<"esq">>, <<"B2289B4566CDD8DE021248A21310F61DA238A1C4ED7A4EF712B8F86AE9E5E787">>},
 {<<"jsone">>, <<"2242DC76859DB74E27AE6B6209BBF4F03651B8EDDB53FA8002A931D35953E9B6">>},
 {<<"jsx">>, <<"D12516BAA0BB23A59BB35DCCAF02A1BD08243FCBB9EFE24F2D9D056CCFF71268">>},
 {<<"kafka_protocol">>, <<"2DAE13A8E647CEE6DF4DA7A4B95820FD239AB7AA4E9655F547BDC1864925E0F2">>},
 {<<"mochiweb">>, <<"2898AD0BFEEE234E4CBAE623C7052ABC3FF0D73D499BA6E6FFEF445B13FFD07A">>},
 {<<"opentelemetry_api">>, <<"E071429A37441A0FE9097EEEA0FF921EBADCE8EBA8E1CE297B05A43C7A0D121F">>},
 {<<"pg_types">>, <<"4FF09A61231EF33A10CF9524CECF8696EA2C971EE89204F95ACEFB1CFE9682DB">>},
 {<<"pgo">>, <<"4577D7AE175DC5B30508D49A9AED7678C4EDF6513886083A9D023456071CF2E3">>},
 {<<"pipe">>, <<"0038479ADCDCE3C551E4AFD8496390ADF8A125703CE85AF008EC036FFD505F98">>},
 {<<"quickrand">>, <<"D2BD76676A446E6A058D678444B7FDA1387B813710D1AF6D6E29BB92186C8820">>},
 {<<"rabbit_common">>, <<"E927B882733D122F6802662220BDB1A83774852DBE67D21D4E33AAF54F3998DD">>},
 {<<"recon">>, <<"9052588E83BFEDFD9B72E1034532AEE2A5369D9D9343B61AEB7FBCE761010741">>},
 {<<"thoas">>, <<"19A25F31177A17E74004D4840F66D791D4298C5738790FA2CC73731EB911F195">>},
 {<<"uid">>, <<"F66DF05995D01824BCF857750F081EC2DB4F5187C61FDF1F6B2EC49CEAE44162">>},
 {<<"uuid_erl">>, <<"B2078D2CC814F53AFA52D36C91E08962C7E7373585C623F4C0EA6DFB04B2AF94">>}]},
{pkg_hash_ext,[
 {<<"amqp_client">>, <<"AE945F7280617E9A4B17A6D49E3A2F496D716E8088EC29D8E94ECC79E5DA7458">>},
 {<<"backoff">>, <<"CF0CFFF8995FB20562F822E5CC47D8CCF664C5ECDC26A684CBE85C225F9D7C39">>},
 {<<"crc32cer">>, <<"3DAD917B89631420A54457C34CBE5E64AD45172097117D67721270AADFDBA3EA">>},
 {<<"credentials_obfuscation">>, <<"738ACE0ED5545D2710D3F7383906FC6F6B582D019036E5269C4DBD85DBCED566">>},
 {<<"datum">>, <<"8F18C3C87856038820CE3033DC70C55521410FFD46B22B83987E43DAF9116A53">>},
 {<<"esq">>, <<"E1FFC6F68F8B21F324B0B244786A4B346BD1DA0D5BDE5FDBF36A9D8F11C81188">>},
 {<<"jsone">>, <<"6863DCF95A7FC26094EAAFF0D72522D58FE22719B4758AFB75A21735BC92646D">>},
 {<<"jsx">>, <<"0C5CC8FDC11B53CC25CF65AC6705AD39E54ECC56D1C22E4ADB8F5A53FB9427F3">>},
 {<<"kafka_protocol">>, <<"4384E0686DD955AFE0B668B6116ED923777C8A7ED75F080DA013719AF375238F">>},
 {<<"mochiweb">>, <<"AA85B777FB23E9972EBC424E40B5D35106F19BC998873E026DEDD876DF8EE50C">>},
 {<<"opentelemetry_api">>, <<"39BDB6AD740BC13B16215CB9F233D66796BBAE897F3BF6EB77ABB712E87C3C26">>},
 {<<"pg_types">>, <<"A3023B464AA960BC1628635081E30CCA4F676F2D4C23CCD6179C1C11C9B4A642">>},
 {<<"pgo">>, <<"4B883D751B8D4247F4D8A6FBAE58EDB6FA9DBC183371299BF84975EE36406388">>},
 {<<"pipe">>, <<"A4C823A6B082E4752DBD1F27A7F4FE17E64E9A72730DE84A947F72C36516D7F7">>},
 {<<"quickrand">>, <<"B8ACBF89A224BC217C3070CA8BEBC6EB236DBE7F9767993B274084EA044D35F0">>},
 {<<"rabbit_common">>, <<"EAD31BA292C2CC5FDA48A486417D7CFE8966F661994D7ED6C3E5F8840828E8EC">>},
 {<<"recon">>, <<"96C6799792D735CC0F0FD0F86267E9D351E63339CBE03DF9D162010CEFC26BB0">>},
 {<<"thoas">>, <<"E38697EDFFD6E91BD12CEA41B155115282630075C2A727E7A6B2947F5408B86A">>},
 {<<"uid">>, <<"E3BFA76E509C151D007FB7710B07205129A0394A5BBEF00718A345EAD9C797CA">>},
 {<<"uuid_erl">>, <<"4E4C5CA3461DC47C5E157ED42AA3981A053B7A186792AF972A27B14A9489324E">>}]}
].
