{"1.2.0",
[{<<"backoff">>,{pkg,<<"backoff">>,<<"1.1.6">>},1},
 {<<"epgsql">>,{pkg,<<"epgsql">>,<<"4.8.0">>},0},
 {<<"opentelemetry_api">>,{pkg,<<"opentelemetry_api">>,<<"1.4.1">>},1},
 {<<"pg_types">>,{pkg,<<"pg_types">>,<<"0.5.0">>},1},
 {<<"pgo">>,{pkg,<<"pgo">>,<<"0.15.0">>},0}]}.
[
{pkg_hash,[
 {<<"backoff">>, <<"83B72ED2108BA1EE8F7D1C22E0B4A00CFE3593A67DBC792799E8CCE9F42F796B">>},
 {<<"epgsql">>, <<"C491B141B8C37BCE7B67F2079F168F339BB374A7CF9A286CB3B40AD1CD3FABE5">>},
 {<<"opentelemetry_api">>, <<"E071429A37441A0FE9097EEEA0FF921EBADCE8EBA8E1CE297B05A43C7A0D121F">>},
 {<<"pg_types">>, <<"4FF09A61231EF33A10CF9524CECF8696EA2C971EE89204F95ACEFB1CFE9682DB">>},
 {<<"pgo">>, <<"4577D7AE175DC5B30508D49A9AED7678C4EDF6513886083A9D023456071CF2E3">>}]},
{pkg_hash_ext,[
 {<<"backoff">>, <<"CF0CFFF8995FB20562F822E5CC47D8CCF664C5ECDC26A684CBE85C225F9D7C39">>},
 {<<"epgsql">>, <<"00E550006A62FB439FC7E879419443C889C34605E9B9DC406029D8BAA1AD79D8">>},
 {<<"opentelemetry_api">>, <<"39BDB6AD740BC13B16215CB9F233D66796BBAE897F3BF6EB77ABB712E87C3C26">>},
 {<<"pg_types">>, <<"A3023B464AA960BC1628635081E30CCA4F676F2D4C23CCD6179C1C11C9B4A642">>},
 {<<"pgo">>, <<"4B883D751B8D4247F4D8A6FBAE58EDB6FA9DBC183371299BF84975EE36406388">>}]}
].
